// !$*UTF8*$!
{
	archiveVersion = 1;
	classes = {
	};
	objectVersion = 56;
	objects = {

/* Begin PBXBuildFile section */
		CC1CE432297F2AD1001E5001 /* ScrumdingerApp.swift in Sources */ = {isa = PBXBuildFile; fileRef = CC1CE431297F2AD1001E5001 /* ScrumdingerApp.swift */; };
		CC1CE434297F2AD1001E5001 /* MeetingView.swift in Sources */ = {isa = PBXBuildFile; fileRef = CC1CE433297F2AD1001E5001 /* MeetingView.swift */; };
		CC1CE436297F2AD2001E5001 /* Assets.xcassets in Resources */ = {isa = PBXBuildFile; fileRef = CC1CE435297F2AD2001E5001 /* Assets.xcassets */; };
		CC1CE439297F2AD2001E5001 /* Preview Assets.xcassets in Resources */ = {isa = PBXBuildFile; fileRef = CC1CE438297F2AD2001E5001 /* Preview Assets.xcassets */; };
		CC1CE443297F2AD2001E5001 /* ScrumdingerTests.swift in Sources */ = {isa = PBXBuildFile; fileRef = CC1CE442297F2AD2001E5001 /* ScrumdingerTests.swift */; };
		CC1CE44D297F2AD2001E5001 /* ScrumdingerUITests.swift in Sources */ = {isa = PBXBuildFile; fileRef = CC1CE44C297F2AD2001E5001 /* ScrumdingerUITests.swift */; };
		CC1CE44F297F2AD2001E5001 /* ScrumdingerUITestsLaunchTests.swift in Sources */ = {isa = PBXBuildFile; fileRef = CC1CE44E297F2AD2001E5001 /* ScrumdingerUITestsLaunchTests.swift */; };
		CC1CE45D297F389B001E5001 /* Theme.swift in Sources */ = {isa = PBXBuildFile; fileRef = CC1CE45C297F389B001E5001 /* Theme.swift */; };
		CC1CE45F297F3998001E5001 /* DailyScrum.swift in Sources */ = {isa = PBXBuildFile; fileRef = CC1CE45E297F3998001E5001 /* DailyScrum.swift */; };
		CC1CE463297F3BD2001E5001 /* CardView.swift in Sources */ = {isa = PBXBuildFile; fileRef = CC1CE462297F3BD2001E5001 /* CardView.swift */; };
		CC1CE46529801A61001E5001 /* TrailingIconLabelStyle.swift in Sources */ = {isa = PBXBuildFile; fileRef = CC1CE46429801A61001E5001 /* TrailingIconLabelStyle.swift */; };
		CC1CE46729801CA5001E5001 /* ScrumsView.swift in Sources */ = {isa = PBXBuildFile; fileRef = CC1CE46629801CA5001E5001 /* ScrumsView.swift */; };
		CC4DD7BD2981EDBB00511094 /* ScrumTimer.swift in Sources */ = {isa = PBXBuildFile; fileRef = CC4DD7BB2981EDBB00511094 /* ScrumTimer.swift */; };
		CC4DD7BE2981EDBB00511094 /* AVPlayer+Ding.swift in Sources */ = {isa = PBXBuildFile; fileRef = CC4DD7BC2981EDBB00511094 /* AVPlayer+Ding.swift */; };
		CC5FA5DE2982049A001D367E /* ding.wav in Resources */ = {isa = PBXBuildFile; fileRef = CC5FA5DD2982049A001D367E /* ding.wav */; };
		CC5FA5E02982052A001D367E /* ScrumProgressViewStyle.swift in Sources */ = {isa = PBXBuildFile; fileRef = CC5FA5DF2982052A001D367E /* ScrumProgressViewStyle.swift */; };
		CC5FA5E2298219BC001D367E /* History.swift in Sources */ = {isa = PBXBuildFile; fileRef = CC5FA5E1298219BC001D367E /* History.swift */; };
		CC76AE312980437B00F5A1B9 /* DetailView.swift in Sources */ = {isa = PBXBuildFile; fileRef = CC76AE302980437B00F5A1B9 /* DetailView.swift */; };
		CC76AE332980804D00F5A1B9 /* DetailEditView.swift in Sources */ = {isa = PBXBuildFile; fileRef = CC76AE322980804D00F5A1B9 /* DetailEditView.swift */; };
		CC76AE3529808E2A00F5A1B9 /* ThemeView.swift in Sources */ = {isa = PBXBuildFile; fileRef = CC76AE3429808E2A00F5A1B9 /* ThemeView.swift */; };
		CC76AE3729808EF600F5A1B9 /* ThemePicker.swift in Sources */ = {isa = PBXBuildFile; fileRef = CC76AE3629808EF600F5A1B9 /* ThemePicker.swift */; };
		CC76AE702980D9C700F5A1B9 /* MeetingHeaderView.swift in Sources */ = {isa = PBXBuildFile; fileRef = CC76AE6F2980D9C700F5A1B9 /* MeetingHeaderView.swift */; };
		CC76AE782981DB8A00F5A1B9 /* MeetingFooterView.swift in Sources */ = {isa = PBXBuildFile; fileRef = CC76AE772981DB8A00F5A1B9 /* MeetingFooterView.swift */; };
		CC9133782982C93400F449C4 /* ScrumStore.swift in Sources */ = {isa = PBXBuildFile; fileRef = CC9133772982C93400F449C4 /* ScrumStore.swift */; };
		CC91337A2982E4B200F449C4 /* ErrorWrapper.swift in Sources */ = {isa = PBXBuildFile; fileRef = CC9133792982E4B200F449C4 /* ErrorWrapper.swift */; };
		CC91337C2982E4D400F449C4 /* ErrorView.swift in Sources */ = {isa = PBXBuildFile; fileRef = CC91337B2982E4D400F449C4 /* ErrorView.swift */; };
		CC91337E298318BF00F449C4 /* MeetingTimerView.swift in Sources */ = {isa = PBXBuildFile; fileRef = CC91337D298318BF00F449C4 /* MeetingTimerView.swift */; };
		CC91338029831BB700F449C4 /* SpeakerArc.swift in Sources */ = {isa = PBXBuildFile; fileRef = CC91337F29831BB700F449C4 /* SpeakerArc.swift */; };
		CC9133822983341800F449C4 /* SpeechRecognizer.swift in Sources */ = {isa = PBXBuildFile; fileRef = CC9133812983341800F449C4 /* SpeechRecognizer.swift */; };
/* End PBXBuildFile section */

/* Begin PBXContainerItemProxy section */
		CC1CE43F297F2AD2001E5001 /* PBXContainerItemProxy */ = {
			isa = PBXContainerItemProxy;
			containerPortal = CC1CE426297F2AD1001E5001 /* Project object */;
			proxyType = 1;
			remoteGlobalIDString = CC1CE42D297F2AD1001E5001;
			remoteInfo = Scrumdinger;
		};
		CC1CE449297F2AD2001E5001 /* PBXContainerItemProxy */ = {
			isa = PBXContainerItemProxy;
			containerPortal = CC1CE426297F2AD1001E5001 /* Project object */;
			proxyType = 1;
			remoteGlobalIDString = CC1CE42D297F2AD1001E5001;
			remoteInfo = Scrumdinger;
		};
/* End PBXContainerItemProxy section */

/* Begin PBXFileReference section */
		CC1CE42E297F2AD1001E5001 /* Scrumdinger.app */ = {isa = PBXFileReference; explicitFileType = wrapper.application; includeInIndex = 0; path = Scrumdinger.app; sourceTree = BUILT_PRODUCTS_DIR; };
		CC1CE431297F2AD1001E5001 /* ScrumdingerApp.swift */ = {isa = PBXFileReference; lastKnownFileType = sourcecode.swift; path = ScrumdingerApp.swift; sourceTree = "<group>"; };
		CC1CE433297F2AD1001E5001 /* MeetingView.swift */ = {isa = PBXFileReference; lastKnownFileType = sourcecode.swift; path = MeetingView.swift; sourceTree = "<group>"; usesTabs = 0; };
		CC1CE435297F2AD2001E5001 /* Assets.xcassets */ = {isa = PBXFileReference; lastKnownFileType = folder.assetcatalog; path = Assets.xcassets; sourceTree = "<group>"; };
		CC1CE438297F2AD2001E5001 /* Preview Assets.xcassets */ = {isa = PBXFileReference; lastKnownFileType = folder.assetcatalog; path = "Preview Assets.xcassets"; sourceTree = "<group>"; };
		CC1CE43E297F2AD2001E5001 /* ScrumdingerTests.xctest */ = {isa = PBXFileReference; explicitFileType = wrapper.cfbundle; includeInIndex = 0; path = ScrumdingerTests.xctest; sourceTree = BUILT_PRODUCTS_DIR; };
		CC1CE442297F2AD2001E5001 /* ScrumdingerTests.swift */ = {isa = PBXFileReference; lastKnownFileType = sourcecode.swift; path = ScrumdingerTests.swift; sourceTree = "<group>"; };
		CC1CE448297F2AD2001E5001 /* ScrumdingerUITests.xctest */ = {isa = PBXFileReference; explicitFileType = wrapper.cfbundle; includeInIndex = 0; path = ScrumdingerUITests.xctest; sourceTree = BUILT_PRODUCTS_DIR; };
		CC1CE44C297F2AD2001E5001 /* ScrumdingerUITests.swift */ = {isa = PBXFileReference; lastKnownFileType = sourcecode.swift; path = ScrumdingerUITests.swift; sourceTree = "<group>"; };
		CC1CE44E297F2AD2001E5001 /* ScrumdingerUITestsLaunchTests.swift */ = {isa = PBXFileReference; lastKnownFileType = sourcecode.swift; path = ScrumdingerUITestsLaunchTests.swift; sourceTree = "<group>"; };
		CC1CE45C297F389B001E5001 /* Theme.swift */ = {isa = PBXFileReference; lastKnownFileType = sourcecode.swift; path = Theme.swift; sourceTree = "<group>"; };
		CC1CE45E297F3998001E5001 /* DailyScrum.swift */ = {isa = PBXFileReference; lastKnownFileType = sourcecode.swift; path = DailyScrum.swift; sourceTree = "<group>"; };
		CC1CE462297F3BD2001E5001 /* CardView.swift */ = {isa = PBXFileReference; lastKnownFileType = sourcecode.swift; path = CardView.swift; sourceTree = "<group>"; };
		CC1CE46429801A61001E5001 /* TrailingIconLabelStyle.swift */ = {isa = PBXFileReference; lastKnownFileType = sourcecode.swift; path = TrailingIconLabelStyle.swift; sourceTree = "<group>"; };
		CC1CE46629801CA5001E5001 /* ScrumsView.swift */ = {isa = PBXFileReference; lastKnownFileType = sourcecode.swift; path = ScrumsView.swift; sourceTree = "<group>"; };
		CC4DD7BB2981EDBB00511094 /* ScrumTimer.swift */ = {isa = PBXFileReference; fileEncoding = 4; lastKnownFileType = sourcecode.swift; path = ScrumTimer.swift; sourceTree = "<group>"; };
		CC4DD7BC2981EDBB00511094 /* AVPlayer+Ding.swift */ = {isa = PBXFileReference; fileEncoding = 4; lastKnownFileType = sourcecode.swift; path = "AVPlayer+Ding.swift"; sourceTree = "<group>"; };
		CC5FA5DD2982049A001D367E /* ding.wav */ = {isa = PBXFileReference; lastKnownFileType = audio.wav; path = ding.wav; sourceTree = "<group>"; };
		CC5FA5DF2982052A001D367E /* ScrumProgressViewStyle.swift */ = {isa = PBXFileReference; fileEncoding = 4; lastKnownFileType = sourcecode.swift; path = ScrumProgressViewStyle.swift; sourceTree = "<group>"; };
		CC5FA5E1298219BC001D367E /* History.swift */ = {isa = PBXFileReference; lastKnownFileType = sourcecode.swift; path = History.swift; sourceTree = "<group>"; };
		CC76AE302980437B00F5A1B9 /* DetailView.swift */ = {isa = PBXFileReference; lastKnownFileType = sourcecode.swift; path = DetailView.swift; sourceTree = "<group>"; };
		CC76AE322980804D00F5A1B9 /* DetailEditView.swift */ = {isa = PBXFileReference; lastKnownFileType = sourcecode.swift; path = DetailEditView.swift; sourceTree = "<group>"; };
		CC76AE3429808E2A00F5A1B9 /* ThemeView.swift */ = {isa = PBXFileReference; lastKnownFileType = sourcecode.swift; path = ThemeView.swift; sourceTree = "<group>"; };
		CC76AE3629808EF600F5A1B9 /* ThemePicker.swift */ = {isa = PBXFileReference; lastKnownFileType = sourcecode.swift; path = ThemePicker.swift; sourceTree = "<group>"; };
		CC76AE6F2980D9C700F5A1B9 /* MeetingHeaderView.swift */ = {isa = PBXFileReference; lastKnownFileType = sourcecode.swift; path = MeetingHeaderView.swift; sourceTree = "<group>"; };
		CC76AE772981DB8A00F5A1B9 /* MeetingFooterView.swift */ = {isa = PBXFileReference; lastKnownFileType = sourcecode.swift; path = MeetingFooterView.swift; sourceTree = "<group>"; };
		CC9133772982C93400F449C4 /* ScrumStore.swift */ = {isa = PBXFileReference; lastKnownFileType = sourcecode.swift; path = ScrumStore.swift; sourceTree = "<group>"; };
		CC9133792982E4B200F449C4 /* ErrorWrapper.swift */ = {isa = PBXFileReference; lastKnownFileType = sourcecode.swift; path = ErrorWrapper.swift; sourceTree = "<group>"; };
		CC91337B2982E4D400F449C4 /* ErrorView.swift */ = {isa = PBXFileReference; lastKnownFileType = sourcecode.swift; path = ErrorView.swift; sourceTree = "<group>"; };
		CC91337D298318BF00F449C4 /* MeetingTimerView.swift */ = {isa = PBXFileReference; lastKnownFileType = sourcecode.swift; path = MeetingTimerView.swift; sourceTree = "<group>"; };
		CC91337F29831BB700F449C4 /* SpeakerArc.swift */ = {isa = PBXFileReference; lastKnownFileType = sourcecode.swift; path = SpeakerArc.swift; sourceTree = "<group>"; };
		CC9133812983341800F449C4 /* SpeechRecognizer.swift */ = {isa = PBXFileReference; lastKnownFileType = sourcecode.swift; path = SpeechRecognizer.swift; sourceTree = "<group>"; };
/* End PBXFileReference section */

/* Begin PBXFrameworksBuildPhase section */
		CC1CE42B297F2AD1001E5001 /* Frameworks */ = {
			isa = PBXFrameworksBuildPhase;
			buildActionMask = 2147483647;
			files = (
			);
			runOnlyForDeploymentPostprocessing = 0;
		};
		CC1CE43B297F2AD2001E5001 /* Frameworks */ = {
			isa = PBXFrameworksBuildPhase;
			buildActionMask = 2147483647;
			files = (
			);
			runOnlyForDeploymentPostprocessing = 0;
		};
		CC1CE445297F2AD2001E5001 /* Frameworks */ = {
			isa = PBXFrameworksBuildPhase;
			buildActionMask = 2147483647;
			files = (
			);
			runOnlyForDeploymentPostprocessing = 0;
		};
/* End PBXFrameworksBuildPhase section */

/* Begin PBXGroup section */
		CC1CE425297F2AD1001E5001 = {
			isa = PBXGroup;
			children = (
				CC1CE430297F2AD1001E5001 /* Scrumdinger */,
				CC1CE441297F2AD2001E5001 /* ScrumdingerTests */,
				CC1CE44B297F2AD2001E5001 /* ScrumdingerUITests */,
				CC1CE42F297F2AD1001E5001 /* Products */,
			);
			sourceTree = "<group>";
		};
		CC1CE42F297F2AD1001E5001 /* Products */ = {
			isa = PBXGroup;
			children = (
				CC1CE42E297F2AD1001E5001 /* Scrumdinger.app */,
				CC1CE43E297F2AD2001E5001 /* ScrumdingerTests.xctest */,
				CC1CE448297F2AD2001E5001 /* ScrumdingerUITests.xctest */,
			);
			name = Products;
			sourceTree = "<group>";
		};
		CC1CE430297F2AD1001E5001 /* Scrumdinger */ = {
			isa = PBXGroup;
			children = (
				CC1CE45B297F386B001E5001 /* Models */,
				CC76AE322980804D00F5A1B9 /* DetailEditView.swift */,
				CC91337B2982E4D400F449C4 /* ErrorView.swift */,
				CC76AE302980437B00F5A1B9 /* DetailView.swift */,
				CC1CE462297F3BD2001E5001 /* CardView.swift */,
				CC1CE433297F2AD1001E5001 /* MeetingView.swift */,
				CC91337D298318BF00F449C4 /* MeetingTimerView.swift */,
				CC91337F29831BB700F449C4 /* SpeakerArc.swift */,
				CC76AE772981DB8A00F5A1B9 /* MeetingFooterView.swift */,
				CC76AE6F2980D9C700F5A1B9 /* MeetingHeaderView.swift */,
				CC1CE431297F2AD1001E5001 /* ScrumdingerApp.swift */,
				CC5FA5DF2982052A001D367E /* ScrumProgressViewStyle.swift */,
				CC1CE46629801CA5001E5001 /* ScrumsView.swift */,
				CC76AE3629808EF600F5A1B9 /* ThemePicker.swift */,
				CC76AE3429808E2A00F5A1B9 /* ThemeView.swift */,
				CC1CE46429801A61001E5001 /* TrailingIconLabelStyle.swift */,
				CC1CE435297F2AD2001E5001 /* Assets.xcassets */,
				CC5FA5DC2982049A001D367E /* Resources */,
				CC1CE437297F2AD2001E5001 /* Preview Content */,
			);
			path = Scrumdinger;
			sourceTree = "<group>";
		};
		CC1CE437297F2AD2001E5001 /* Preview Content */ = {
			isa = PBXGroup;
			children = (
				CC1CE438297F2AD2001E5001 /* Preview Assets.xcassets */,
			);
			path = "Preview Content";
			sourceTree = "<group>";
		};
		CC1CE441297F2AD2001E5001 /* ScrumdingerTests */ = {
			isa = PBXGroup;
			children = (
				CC1CE442297F2AD2001E5001 /* ScrumdingerTests.swift */,
			);
			path = ScrumdingerTests;
			sourceTree = "<group>";
		};
		CC1CE44B297F2AD2001E5001 /* ScrumdingerUITests */ = {
			isa = PBXGroup;
			children = (
				CC1CE44C297F2AD2001E5001 /* ScrumdingerUITests.swift */,
				CC1CE44E297F2AD2001E5001 /* ScrumdingerUITestsLaunchTests.swift */,
			);
			path = ScrumdingerUITests;
			sourceTree = "<group>";
		};
		CC1CE45B297F386B001E5001 /* Models */ = {
			isa = PBXGroup;
			children = (
				CC4DD7BC2981EDBB00511094 /* AVPlayer+Ding.swift */,
				CC4DD7BB2981EDBB00511094 /* ScrumTimer.swift */,
				CC1CE45C297F389B001E5001 /* Theme.swift */,
				CC1CE45E297F3998001E5001 /* DailyScrum.swift */,
				CC5FA5E1298219BC001D367E /* History.swift */,
				CC9133772982C93400F449C4 /* ScrumStore.swift */,
				CC9133792982E4B200F449C4 /* ErrorWrapper.swift */,
				CC9133812983341800F449C4 /* SpeechRecognizer.swift */,
			);
			path = Models;
			sourceTree = "<group>";
		};
		CC5FA5DC2982049A001D367E /* Resources */ = {
			isa = PBXGroup;
			children = (
				CC5FA5DD2982049A001D367E /* ding.wav */,
			);
			path = Resources;
			sourceTree = "<group>";
		};
/* End PBXGroup section */

/* Begin PBXNativeTarget section */
		CC1CE42D297F2AD1001E5001 /* Scrumdinger */ = {
			isa = PBXNativeTarget;
			buildConfigurationList = CC1CE452297F2AD2001E5001 /* Build configuration list for PBXNativeTarget "Scrumdinger" */;
			buildPhases = (
				CC1CE42A297F2AD1001E5001 /* Sources */,
				CC1CE42B297F2AD1001E5001 /* Frameworks */,
				CC1CE42C297F2AD1001E5001 /* Resources */,
			);
			buildRules = (
			);
			dependencies = (
			);
			name = Scrumdinger;
			productName = Scrumdinger;
			productReference = CC1CE42E297F2AD1001E5001 /* Scrumdinger.app */;
			productType = "com.apple.product-type.application";
		};
		CC1CE43D297F2AD2001E5001 /* ScrumdingerTests */ = {
			isa = PBXNativeTarget;
			buildConfigurationList = CC1CE455297F2AD2001E5001 /* Build configuration list for PBXNativeTarget "ScrumdingerTests" */;
			buildPhases = (
				CC1CE43A297F2AD2001E5001 /* Sources */,
				CC1CE43B297F2AD2001E5001 /* Frameworks */,
				CC1CE43C297F2AD2001E5001 /* Resources */,
			);
			buildRules = (
			);
			dependencies = (
				CC1CE440297F2AD2001E5001 /* PBXTargetDependency */,
			);
			name = ScrumdingerTests;
			productName = ScrumdingerTests;
			productReference = CC1CE43E297F2AD2001E5001 /* ScrumdingerTests.xctest */;
			productType = "com.apple.product-type.bundle.unit-test";
		};
		CC1CE447297F2AD2001E5001 /* ScrumdingerUITests */ = {
			isa = PBXNativeTarget;
			buildConfigurationList = CC1CE458297F2AD2001E5001 /* Build configuration list for PBXNativeTarget "ScrumdingerUITests" */;
			buildPhases = (
				CC1CE444297F2AD2001E5001 /* Sources */,
				CC1CE445297F2AD2001E5001 /* Frameworks */,
				CC1CE446297F2AD2001E5001 /* Resources */,
			);
			buildRules = (
			);
			dependencies = (
				CC1CE44A297F2AD2001E5001 /* PBXTargetDependency */,
			);
			name = ScrumdingerUITests;
			productName = ScrumdingerUITests;
			productReference = CC1CE448297F2AD2001E5001 /* ScrumdingerUITests.xctest */;
			productType = "com.apple.product-type.bundle.ui-testing";
		};
/* End PBXNativeTarget section */

/* Begin PBXProject section */
		CC1CE426297F2AD1001E5001 /* Project object */ = {
			isa = PBXProject;
			attributes = {
				BuildIndependentTargetsInParallel = 1;
				LastSwiftUpdateCheck = 1420;
				LastUpgradeCheck = 1420;
				TargetAttributes = {
					CC1CE42D297F2AD1001E5001 = {
						CreatedOnToolsVersion = 14.2;
					};
					CC1CE43D297F2AD2001E5001 = {
						CreatedOnToolsVersion = 14.2;
						TestTargetID = CC1CE42D297F2AD1001E5001;
					};
					CC1CE447297F2AD2001E5001 = {
						CreatedOnToolsVersion = 14.2;
						TestTargetID = CC1CE42D297F2AD1001E5001;
					};
				};
			};
			buildConfigurationList = CC1CE429297F2AD1001E5001 /* Build configuration list for PBXProject "Scrumdinger" */;
			compatibilityVersion = "Xcode 14.0";
			developmentRegion = en;
			hasScannedForEncodings = 0;
			knownRegions = (
				en,
				Base,
			);
			mainGroup = CC1CE425297F2AD1001E5001;
			productRefGroup = CC1CE42F297F2AD1001E5001 /* Products */;
			projectDirPath = "";
			projectRoot = "";
			targets = (
				CC1CE42D297F2AD1001E5001 /* Scrumdinger */,
				CC1CE43D297F2AD2001E5001 /* ScrumdingerTests */,
				CC1CE447297F2AD2001E5001 /* ScrumdingerUITests */,
			);
		};
/* End PBXProject section */

/* Begin PBXResourcesBuildPhase section */
		CC1CE42C297F2AD1001E5001 /* Resources */ = {
			isa = PBXResourcesBuildPhase;
			buildActionMask = 2147483647;
			files = (
				CC5FA5DE2982049A001D367E /* ding.wav in Resources */,
				CC1CE439297F2AD2001E5001 /* Preview Assets.xcassets in Resources */,
				CC1CE436297F2AD2001E5001 /* Assets.xcassets in Resources */,
			);
			runOnlyForDeploymentPostprocessing = 0;
		};
		CC1CE43C297F2AD2001E5001 /* Resources */ = {
			isa = PBXResourcesBuildPhase;
			buildActionMask = 2147483647;
			files = (
			);
			runOnlyForDeploymentPostprocessing = 0;
		};
		CC1CE446297F2AD2001E5001 /* Resources */ = {
			isa = PBXResourcesBuildPhase;
			buildActionMask = 2147483647;
			files = (
			);
			runOnlyForDeploymentPostprocessing = 0;
		};
/* End PBXResourcesBuildPhase section */

/* Begin PBXSourcesBuildPhase section */
		CC1CE42A297F2AD1001E5001 /* Sources */ = {
			isa = PBXSourcesBuildPhase;
			buildActionMask = 2147483647;
			files = (
				CC5FA5E2298219BC001D367E /* History.swift in Sources */,
				CC76AE3729808EF600F5A1B9 /* ThemePicker.swift in Sources */,
				CC5FA5E02982052A001D367E /* ScrumProgressViewStyle.swift in Sources */,
				CC1CE45D297F389B001E5001 /* Theme.swift in Sources */,
				CC9133782982C93400F449C4 /* ScrumStore.swift in Sources */,
				CC76AE312980437B00F5A1B9 /* DetailView.swift in Sources */,
				CC76AE702980D9C700F5A1B9 /* MeetingHeaderView.swift in Sources */,
				CC76AE782981DB8A00F5A1B9 /* MeetingFooterView.swift in Sources */,
				CC76AE332980804D00F5A1B9 /* DetailEditView.swift in Sources */,
				CC91337E298318BF00F449C4 /* MeetingTimerView.swift in Sources */,
				CC1CE45F297F3998001E5001 /* DailyScrum.swift in Sources */,
				CC91337A2982E4B200F449C4 /* ErrorWrapper.swift in Sources */,
				CC1CE434297F2AD1001E5001 /* MeetingView.swift in Sources */,
				CC4DD7BD2981EDBB00511094 /* ScrumTimer.swift in Sources */,
				CC1CE46729801CA5001E5001 /* ScrumsView.swift in Sources */,
				CC1CE432297F2AD1001E5001 /* ScrumdingerApp.swift in Sources */,
				CC9133822983341800F449C4 /* SpeechRecognizer.swift in Sources */,
				CC91337C2982E4D400F449C4 /* ErrorView.swift in Sources */,
				CC1CE46529801A61001E5001 /* TrailingIconLabelStyle.swift in Sources */,
				CC76AE3529808E2A00F5A1B9 /* ThemeView.swift in Sources */,
				CC1CE463297F3BD2001E5001 /* CardView.swift in Sources */,
				CC91338029831BB700F449C4 /* SpeakerArc.swift in Sources */,
				CC4DD7BE2981EDBB00511094 /* AVPlayer+Ding.swift in Sources */,
			);
			runOnlyForDeploymentPostprocessing = 0;
		};
		CC1CE43A297F2AD2001E5001 /* Sources */ = {
			isa = PBXSourcesBuildPhase;
			buildActionMask = 2147483647;
			files = (
				CC1CE443297F2AD2001E5001 /* ScrumdingerTests.swift in Sources */,
			);
			runOnlyForDeploymentPostprocessing = 0;
		};
		CC1CE444297F2AD2001E5001 /* Sources */ = {
			isa = PBXSourcesBuildPhase;
			buildActionMask = 2147483647;
			files = (
				CC1CE44F297F2AD2001E5001 /* ScrumdingerUITestsLaunchTests.swift in Sources */,
				CC1CE44D297F2AD2001E5001 /* ScrumdingerUITests.swift in Sources */,
			);
			runOnlyForDeploymentPostprocessing = 0;
		};
/* End PBXSourcesBuildPhase section */

/* Begin PBXTargetDependency section */
		CC1CE440297F2AD2001E5001 /* PBXTargetDependency */ = {
			isa = PBXTargetDependency;
			target = CC1CE42D297F2AD1001E5001 /* Scrumdinger */;
			targetProxy = CC1CE43F297F2AD2001E5001 /* PBXContainerItemProxy */;
		};
		CC1CE44A297F2AD2001E5001 /* PBXTargetDependency */ = {
			isa = PBXTargetDependency;
			target = CC1CE42D297F2AD1001E5001 /* Scrumdinger */;
			targetProxy = CC1CE449297F2AD2001E5001 /* PBXContainerItemProxy */;
		};
/* End PBXTargetDependency section */

/* Begin XCBuildConfiguration section */
		CC1CE450297F2AD2001E5001 /* Debug */ = {
			isa = XCBuildConfiguration;
			buildSettings = {
				ALWAYS_SEARCH_USER_PATHS = NO;
				CLANG_ANALYZER_NONNULL = YES;
				CLANG_ANALYZER_NUMBER_OBJECT_CONVERSION = YES_AGGRESSIVE;
				CLANG_CXX_LANGUAGE_STANDARD = "gnu++20";
				CLANG_ENABLE_MODULES = YES;
				CLANG_ENABLE_OBJC_ARC = YES;
				CLANG_ENABLE_OBJC_WEAK = YES;
				CLANG_WARN_BLOCK_CAPTURE_AUTORELEASING = YES;
				CLANG_WARN_BOOL_CONVERSION = YES;
				CLANG_WARN_COMMA = YES;
				CLANG_WARN_CONSTANT_CONVERSION = YES;
				CLANG_WARN_DEPRECATED_OBJC_IMPLEMENTATIONS = YES;
				CLANG_WARN_DIRECT_OBJC_ISA_USAGE = YES_ERROR;
				CLANG_WARN_DOCUMENTATION_COMMENTS = YES;
				CLANG_WARN_EMPTY_BODY = YES;
				CLANG_WARN_ENUM_CONVERSION = YES;
				CLANG_WARN_INFINITE_RECURSION = YES;
				CLANG_WARN_INT_CONVERSION = YES;
				CLANG_WARN_NON_LITERAL_NULL_CONVERSION = YES;
				CLANG_WARN_OBJC_IMPLICIT_RETAIN_SELF = YES;
				CLANG_WARN_OBJC_LITERAL_CONVERSION = YES;
				CLANG_WARN_OBJC_ROOT_CLASS = YES_ERROR;
				CLANG_WARN_QUOTED_INCLUDE_IN_FRAMEWORK_HEADER = YES;
				CLANG_WARN_RANGE_LOOP_ANALYSIS = YES;
				CLANG_WARN_STRICT_PROTOTYPES = YES;
				CLANG_WARN_SUSPICIOUS_MOVE = YES;
				CLANG_WARN_UNGUARDED_AVAILABILITY = YES_AGGRESSIVE;
				CLANG_WARN_UNREACHABLE_CODE = YES;
				CLANG_WARN__DUPLICATE_METHOD_MATCH = YES;
				COPY_PHASE_STRIP = NO;
				DEBUG_INFORMATION_FORMAT = dwarf;
				ENABLE_STRICT_OBJC_MSGSEND = YES;
				ENABLE_TESTABILITY = YES;
				GCC_C_LANGUAGE_STANDARD = gnu11;
				GCC_DYNAMIC_NO_PIC = NO;
				GCC_NO_COMMON_BLOCKS = YES;
				GCC_OPTIMIZATION_LEVEL = 0;
				GCC_PREPROCESSOR_DEFINITIONS = (
					"DEBUG=1",
					"$(inherited)",
				);
				GCC_WARN_64_TO_32_BIT_CONVERSION = YES;
				GCC_WARN_ABOUT_RETURN_TYPE = YES_ERROR;
				GCC_WARN_UNDECLARED_SELECTOR = YES;
				GCC_WARN_UNINITIALIZED_AUTOS = YES_AGGRESSIVE;
				GCC_WARN_UNUSED_FUNCTION = YES;
				GCC_WARN_UNUSED_VARIABLE = YES;
				IPHONEOS_DEPLOYMENT_TARGET = 16.2;
				MTL_ENABLE_DEBUG_INFO = INCLUDE_SOURCE;
				MTL_FAST_MATH = YES;
				ONLY_ACTIVE_ARCH = YES;
				SDKROOT = iphoneos;
				SWIFT_ACTIVE_COMPILATION_CONDITIONS = DEBUG;
				SWIFT_OPTIMIZATION_LEVEL = "-Onone";
			};
			name = Debug;
		};
		CC1CE451297F2AD2001E5001 /* Release */ = {
			isa = XCBuildConfiguration;
			buildSettings = {
				ALWAYS_SEARCH_USER_PATHS = NO;
				CLANG_ANALYZER_NONNULL = YES;
				CLANG_ANALYZER_NUMBER_OBJECT_CONVERSION = YES_AGGRESSIVE;
				CLANG_CXX_LANGUAGE_STANDARD = "gnu++20";
				CLANG_ENABLE_MODULES = YES;
				CLANG_ENABLE_OBJC_ARC = YES;
				CLANG_ENABLE_OBJC_WEAK = YES;
				CLANG_WARN_BLOCK_CAPTURE_AUTORELEASING = YES;
				CLANG_WARN_BOOL_CONVERSION = YES;
				CLANG_WARN_COMMA = YES;
				CLANG_WARN_CONSTANT_CONVERSION = YES;
				CLANG_WARN_DEPRECATED_OBJC_IMPLEMENTATIONS = YES;
				CLANG_WARN_DIRECT_OBJC_ISA_USAGE = YES_ERROR;
				CLANG_WARN_DOCUMENTATION_COMMENTS = YES;
				CLANG_WARN_EMPTY_BODY = YES;
				CLANG_WARN_ENUM_CONVERSION = YES;
				CLANG_WARN_INFINITE_RECURSION = YES;
				CLANG_WARN_INT_CONVERSION = YES;
				CLANG_WARN_NON_LITERAL_NULL_CONVERSION = YES;
				CLANG_WARN_OBJC_IMPLICIT_RETAIN_SELF = YES;
				CLANG_WARN_OBJC_LITERAL_CONVERSION = YES;
				CLANG_WARN_OBJC_ROOT_CLASS = YES_ERROR;
				CLANG_WARN_QUOTED_INCLUDE_IN_FRAMEWORK_HEADER = YES;
				CLANG_WARN_RANGE_LOOP_ANALYSIS = YES;
				CLANG_WARN_STRICT_PROTOTYPES = YES;
				CLANG_WARN_SUSPICIOUS_MOVE = YES;
				CLANG_WARN_UNGUARDED_AVAILABILITY = YES_AGGRESSIVE;
				CLANG_WARN_UNREACHABLE_CODE = YES;
				CLANG_WARN__DUPLICATE_METHOD_MATCH = YES;
				COPY_PHASE_STRIP = NO;
				DEBUG_INFORMATION_FORMAT = "dwarf-with-dsym";
				ENABLE_NS_ASSERTIONS = NO;
				ENABLE_STRICT_OBJC_MSGSEND = YES;
				GCC_C_LANGUAGE_STANDARD = gnu11;
				GCC_NO_COMMON_BLOCKS = YES;
				GCC_WARN_64_TO_32_BIT_CONVERSION = YES;
				GCC_WARN_ABOUT_RETURN_TYPE = YES_ERROR;
				GCC_WARN_UNDECLARED_SELECTOR = YES;
				GCC_WARN_UNINITIALIZED_AUTOS = YES_AGGRESSIVE;
				GCC_WARN_UNUSED_FUNCTION = YES;
				GCC_WARN_UNUSED_VARIABLE = YES;
				IPHONEOS_DEPLOYMENT_TARGET = 16.2;
				MTL_ENABLE_DEBUG_INFO = NO;
				MTL_FAST_MATH = YES;
				SDKROOT = iphoneos;
				SWIFT_COMPILATION_MODE = wholemodule;
				SWIFT_OPTIMIZATION_LEVEL = "-O";
				VALIDATE_PRODUCT = YES;
			};
			name = Release;
		};
		CC1CE453297F2AD2001E5001 /* Debug */ = {
			isa = XCBuildConfiguration;
			buildSettings = {
				ASSETCATALOG_COMPILER_APPICON_NAME = AppIcon;
				ASSETCATALOG_COMPILER_GLOBAL_ACCENT_COLOR_NAME = AccentColor;
				CODE_SIGN_STYLE = Automatic;
				CURRENT_PROJECT_VERSION = 1;
				DEVELOPMENT_ASSET_PATHS = "\"Scrumdinger/Preview Content\"";
				DEVELOPMENT_TEAM = R4SD5CBXFT;
				ENABLE_PREVIEWS = YES;
				GENERATE_INFOPLIST_FILE = YES;
				INFOPLIST_KEY_LSApplicationCategoryType = "public.app-category.productivity";
				INFOPLIST_KEY_NSMicrophoneUsageDescription = "Audio is recorded to transcribe the meeting. Audio recordings are discarded after transcription.";
				INFOPLIST_KEY_NSSpeechRecognitionUsageDescription = "You can view a text transcription of your meeting in the app.";
				INFOPLIST_KEY_UIApplicationSceneManifest_Generation = YES;
				INFOPLIST_KEY_UIApplicationSupportsIndirectInputEvents = YES;
				INFOPLIST_KEY_UILaunchScreen_Generation = YES;
				INFOPLIST_KEY_UISupportedInterfaceOrientations_iPad = "UIInterfaceOrientationPortrait UIInterfaceOrientationPortraitUpsideDown UIInterfaceOrientationLandscapeLeft UIInterfaceOrientationLandscapeRight";
				INFOPLIST_KEY_UISupportedInterfaceOrientations_iPhone = "UIInterfaceOrientationPortrait UIInterfaceOrientationLandscapeLeft UIInterfaceOrientationLandscapeRight";
				LD_RUNPATH_SEARCH_PATHS = (
					"$(inherited)",
					"@executable_path/Frameworks",
				);
				MARKETING_VERSION = 1.0;
				PRODUCT_BUNDLE_IDENTIFIER = plusone.Scrumdinger;
				PRODUCT_NAME = "$(TARGET_NAME)";
				SWIFT_EMIT_LOC_STRINGS = YES;
				SWIFT_VERSION = 5.0;
				TARGETED_DEVICE_FAMILY = "1,2";
			};
			name = Debug;
		};
		CC1CE454297F2AD2001E5001 /* Release */ = {
			isa = XCBuildConfiguration;
			buildSettings = {
				ASSETCATALOG_COMPILER_APPICON_NAME = AppIcon;
				ASSETCATALOG_COMPILER_GLOBAL_ACCENT_COLOR_NAME = AccentColor;
				CODE_SIGN_STYLE = Automatic;
				CURRENT_PROJECT_VERSION = 1;
				DEVELOPMENT_ASSET_PATHS = "\"Scrumdinger/Preview Content\"";
				DEVELOPMENT_TEAM = R4SD5CBXFT;
				ENABLE_PREVIEWS = YES;
				GENERATE_INFOPLIST_FILE = YES;
				INFOPLIST_KEY_LSApplicationCategoryType = "public.app-category.productivity";
				INFOPLIST_KEY_NSMicrophoneUsageDescription = "Audio is recorded to transcribe the meeting. Audio recordings are discarded after transcription.";
				INFOPLIST_KEY_NSSpeechRecognitionUsageDescription = "You can view a text transcription of your meeting in the app.";
				INFOPLIST_KEY_UIApplicationSceneManifest_Generation = YES;
				INFOPLIST_KEY_UIApplicationSupportsIndirectInputEvents = YES;
				INFOPLIST_KEY_UILaunchScreen_Generation = YES;
				INFOPLIST_KEY_UISupportedInterfaceOrientations_iPad = "UIInterfaceOrientationPortrait UIInterfaceOrientationPortraitUpsideDown UIInterfaceOrientationLandscapeLeft UIInterfaceOrientationLandscapeRight";
				INFOPLIST_KEY_UISupportedInterfaceOrientations_iPhone = "UIInterfaceOrientationPortrait UIInterfaceOrientationLandscapeLeft UIInterfaceOrientationLandscapeRight";
				LD_RUNPATH_SEARCH_PATHS = (
					"$(inherited)",
					"@executable_path/Frameworks",
				);
				MARKETING_VERSION = 1.0;
				PRODUCT_BUNDLE_IDENTIFIER = plusone.Scrumdinger;
				PRODUCT_NAME = "$(TARGET_NAME)";
				SWIFT_EMIT_LOC_STRINGS = YES;
				SWIFT_VERSION = 5.0;
				TARGETED_DEVICE_FAMILY = "1,2";
			};
			name = Release;
		};
		CC1CE456297F2AD2001E5001 /* Debug */ = {
			isa = XCBuildConfiguration;
			buildSettings = {
				ALWAYS_EMBED_SWIFT_STANDARD_LIBRARIES = YES;
				BUNDLE_LOADER = "$(TEST_HOST)";
				CODE_SIGN_STYLE = Automatic;
				CURRENT_PROJECT_VERSION = 1;
				GENERATE_INFOPLIST_FILE = YES;
				IPHONEOS_DEPLOYMENT_TARGET = 16.2;
				MARKETING_VERSION = 1.0;
				PRODUCT_BUNDLE_IDENTIFIER = plusone.ScrumdingerTests;
				PRODUCT_NAME = "$(TARGET_NAME)";
				SWIFT_EMIT_LOC_STRINGS = NO;
				SWIFT_VERSION = 5.0;
				TARGETED_DEVICE_FAMILY = "1,2";
				TEST_HOST = "$(BUILT_PRODUCTS_DIR)/Scrumdinger.app/$(BUNDLE_EXECUTABLE_FOLDER_PATH)/Scrumdinger";
			};
			name = Debug;
		};
		CC1CE457297F2AD2001E5001 /* Release */ = {
			isa = XCBuildConfiguration;
			buildSettings = {
				ALWAYS_EMBED_SWIFT_STANDARD_LIBRARIES = YES;
				BUNDLE_LOADER = "$(TEST_HOST)";
				CODE_SIGN_STYLE = Automatic;
				CURRENT_PROJECT_VERSION = 1;
				GENERATE_INFOPLIST_FILE = YES;
				IPHONEOS_DEPLOYMENT_TARGET = 16.2;
				MARKETING_VERSION = 1.0;
				PRODUCT_BUNDLE_IDENTIFIER = plusone.ScrumdingerTests;
				PRODUCT_NAME = "$(TARGET_NAME)";
				SWIFT_EMIT_LOC_STRINGS = NO;
				SWIFT_VERSION = 5.0;
				TARGETED_DEVICE_FAMILY = "1,2";
				TEST_HOST = "$(BUILT_PRODUCTS_DIR)/Scrumdinger.app/$(BUNDLE_EXECUTABLE_FOLDER_PATH)/Scrumdinger";
			};
			name = Release;
		};
		CC1CE459297F2AD2001E5001 /* Debug */ = {
			isa = XCBuildConfiguration;
			buildSettings = {
				ALWAYS_EMBED_SWIFT_STANDARD_LIBRARIES = YES;
				CODE_SIGN_STYLE = Automatic;
				CURRENT_PROJECT_VERSION = 1;
				GENERATE_INFOPLIST_FILE = YES;
				MARKETING_VERSION = 1.0;
				PRODUCT_BUNDLE_IDENTIFIER = plusone.ScrumdingerUITests;
				PRODUCT_NAME = "$(TARGET_NAME)";
				SWIFT_EMIT_LOC_STRINGS = NO;
				SWIFT_VERSION = 5.0;
				TARGETED_DEVICE_FAMILY = "1,2";
				TEST_TARGET_NAME = Scrumdinger;
			};
			name = Debug;
		};
		CC1CE45A297F2AD2001E5001 /* Release */ = {
			isa = XCBuildConfiguration;
			buildSettings = {
				ALWAYS_EMBED_SWIFT_STANDARD_LIBRARIES = YES;
				CODE_SIGN_STYLE = Automatic;
				CURRENT_PROJECT_VERSION = 1;
				GENERATE_INFOPLIST_FILE = YES;
				MARKETING_VERSION = 1.0;
				PRODUCT_BUNDLE_IDENTIFIER = plusone.ScrumdingerUITests;
				PRODUCT_NAME = "$(TARGET_NAME)";
				SWIFT_EMIT_LOC_STRINGS = NO;
				SWIFT_VERSION = 5.0;
				TARGETED_DEVICE_FAMILY = "1,2";
				TEST_TARGET_NAME = Scrumdinger;
			};
			name = Release;
		};
/* End XCBuildConfiguration section */

/* Begin XCConfigurationList section */
		CC1CE429297F2AD1001E5001 /* Build configuration list for PBXProject "Scrumdinger" */ = {
			isa = XCConfigurationList;
			buildConfigurations = (
				CC1CE450297F2AD2001E5001 /* Debug */,
				CC1CE451297F2AD2001E5001 /* Release */,
			);
			defaultConfigurationIsVisible = 0;
			defaultConfigurationName = Release;
		};
		CC1CE452297F2AD2001E5001 /* Build configuration list for PBXNativeTarget "Scrumdinger" */ = {
			isa = XCConfigurationList;
			buildConfigurations = (
				CC1CE453297F2AD2001E5001 /* Debug */,
				CC1CE454297F2AD2001E5001 /* Release */,
			);
			defaultConfigurationIsVisible = 0;
			defaultConfigurationName = Release;
		};
		CC1CE455297F2AD2001E5001 /* Build configuration list for PBXNativeTarget "ScrumdingerTests" */ = {
			isa = XCConfigurationList;
			buildConfigurations = (
				CC1CE456297F2AD2001E5001 /* Debug */,
				CC1CE457297F2AD2001E5001 /* Release */,
			);
			defaultConfigurationIsVisible = 0;
			defaultConfigurationName = Release;
		};
		CC1CE458297F2AD2001E5001 /* Build configuration list for PBXNativeTarget "ScrumdingerUITests" */ = {
			isa = XCConfigurationList;
			buildConfigurations = (
				CC1CE459297F2AD2001E5001 /* Debug */,
				CC1CE45A297F2AD2001E5001 /* Release */,
			);
			defaultConfigurationIsVisible = 0;
			defaultConfigurationName = Release;
		};
/* End XCConfigurationList section */
	};
	rootObject = CC1CE426297F2AD1001E5001 /* Project object */;
}
